[[package]]
category = "main"
description = "Make every python function async/await"
name = "aioify"
optional = false
python-versions = ">=3.5"
version = "0.3.0"

[package.dependencies]
module-wrapper = "*"

[package.source]
reference = "1eabe0991c4a6fad6886412155c08dc556c59e6b"
type = "git"
url = "https://github.com/yifeikong/aioify.git"

[[package]]
category = "main"
description = "A comprehensive HTTP client library."
name = "httplib2"
optional = false
python-versions = "*"
version = "0.12.0"

[[package]]
category = "main"
description = "Module wrapper Python library"
name = "module-wrapper"
optional = false
python-versions = ">=3.5,<4.0"
version = "0.2.3"

[package.dependencies]
poetry-version = ">=0.1.1,<0.2.0"

[[package]]
category = "main"
description = "library for OAuth version 1.9"
name = "oauth2"
optional = false
python-versions = "*"
version = "1.9.0.post1"

[package.dependencies]
httplib2 = "*"

[[package]]
category = "main"
description = "Python library for extracting version from poetry pyproject.toml file"
name = "poetry-version"
optional = false
python-versions = ">=2.7, !=3.0.*, !=3.1.*, !=3.2.*, !=3.3.*"
version = "0.1.2"

[package.dependencies]
tomlkit = ">=0.4.6,<0.6.0"

[[package]]
category = "main"
description = "Style preserving TOML library"
name = "tomlkit"
optional = false
python-versions = ">=2.7, !=3.0.*, !=3.1.*, !=3.2.*, !=3.3.*"
version = "0.5.3"

[metadata]
content-hash = "16eed97d4ed89ae5c443038ee3c0c68b427d500cf86b6c5efa503fdac70a2b31"
python-versions = "^3.6"

[metadata.hashes]
aioify = []
httplib2 = ["f61fb838a94ce3b349aa32c92fd8430f7e3511afdb18bf9640d647e30c90a6d6"]
module-wrapper = ["76449ff513af380674280b18b0b0019e187935594b8745683b080d82c09db7ee", "da0f1557af1e92a7f384b1e90aacbf527fcf40944428f04e7eb75073969924a5"]
oauth2 = ["15b5c42301f46dd63113f1214b0d81a8b16254f65a86d3c32a1b52297f3266e6", "c006a85e7c60107c7cc6da1b184b5c719f6dd7202098196dfa6e55df669b59bf"]
poetry-version = ["746c16322b612e214036ec1a259bd221f52d8fc214787441e5ca7d0564187222", "7d67345e3dd657f1364ad9cb187025a78439c012b2699370b5ad043c73ebf003"]
tomlkit = ["d6506342615d051bc961f70bfcfa3d29b6616cc08a3ddfd4bc24196f16fd4ec2", "f077456d35303e7908cc233b340f71e0bec96f63429997f38ca9272b7d64029e"]
